version: v2
locks:
  f/waggle/_shape_probe.flow+__flow_hash: 823a7723bac4970dbfaa01e4a9153f6d34bd8f0a0d78384ced90c02503c79564
  f/waggle/_shape_probe.flow+c.inline_script.ts: 5c29c6745f0637db467439be56f5427bb062bed875618535f8a45a7e5c66b9ef
  f/waggle/crawl_host: d8e233fd83f8fb87e619682680e80aa4970ef29a1ce6856bd8cb24e73d0ec085
  f/waggle/crawl_level.flow+__flow_hash: 44136fa355b3678a1146ad16f7e8649e94fb4fc21fe77e8310c060f61caaff8a
  f/waggle/plan_level: 4ff35593c003779cdfd2e3e9c52e5596486fb067fd23b7fe6d122926f81a3218
  f/waggle/report_level: f4ab264be7fb007033c302ba43c9accfeadb3b78545a1c4fd539cce18ebe692b
  f/waggle/trigger_run: c696ae3f5da103dad38cfbf40f74b32700e5fa4a93012e7dd5739f2de8c83bff
